
Microsoft Visual Studio Solution File, Format Version 12.00
# Visual Studio 15
VisualStudioVersion = 15.0.28010.2003
MinimumVisualStudioVersion = 10.0.40219.1
Project("{FAE04EC0-301F-11D3-BF4B-00C04F79EFBC}") = "PruebaReportes", "PruebaReportes\PruebaReportes.csproj", "{6BB51571-E716-462C-BBCB-BB117A585504}"
EndProject
Project("{FAE04EC0-301F-11D3-BF4B-00C04F79EFBC}") = "DAL", "DAL\DAL.csproj", "{C632969B-8C16-48DF-985F-D96C0A553EAA}"
EndProject
Project("{FAE04EC0-301F-11D3-BF4B-00C04F79EFBC}") = "BLL", "BLL\BLL.csproj", "{0D43D5BA-9296-4D38-8F36-CB49561BB7AF}"
EndProject
Project("{FAE04EC0-301F-11D3-BF4B-00C04F79EFBC}") = "Entidades", "Entidades\Entidades.csproj", "{C4940760-2560-4A5A-92C1-064D0CA4E649}"
EndProject
Global
	GlobalSection(SolutionConfigurationPlatforms) = preSolution
		Debug|Any CPU = Debug|Any CPU
		Release|Any CPU = Release|Any CPU
	EndGlobalSection
	GlobalSection(ProjectConfigurationPlatforms) = postSolution
		{6BB51571-E716-462C-BBCB-BB117A585504}.Debug|Any CPU.ActiveCfg = Debug|Any CPU
		{6BB51571-E716-462C-BBCB-BB117A585504}.Debug|Any CPU.Build.0 = Debug|Any CPU
		{6BB51571-E716-462C-BBCB-BB117A585504}.Release|Any CPU.ActiveCfg = Release|Any CPU
		{6BB51571-E716-462C-BBCB-BB117A585504}.Release|Any CPU.Build.0 = Release|Any CPU
		{C632969B-8C16-48DF-985F-D96C0A553EAA}.Debug|Any CPU.ActiveCfg = Debug|Any CPU
		{C632969B-8C16-48DF-985F-D96C0A553EAA}.Debug|Any CPU.Build.0 = Debug|Any CPU
		{C632969B-8C16-48DF-985F-D96C0A553EAA}.Release|Any CPU.ActiveCfg = Release|Any CPU
		{C632969B-8C16-48DF-985F-D96C0A553EAA}.Release|Any CPU.Build.0 = Release|Any CPU
		{0D43D5BA-9296-4D38-8F36-CB49561BB7AF}.Debug|Any CPU.ActiveCfg = Debug|Any CPU
		{0D43D5BA-9296-4D38-8F36-CB49561BB7AF}.Debug|Any CPU.Build.0 = Debug|Any CPU
		{0D43D5BA-9296-4D38-8F36-CB49561BB7AF}.Release|Any CPU.ActiveCfg = Release|Any CPU
		{0D43D5BA-9296-4D38-8F36-CB49561BB7AF}.Release|Any CPU.Build.0 = Release|Any CPU
		{C4940760-2560-4A5A-92C1-064D0CA4E649}.Debug|Any CPU.ActiveCfg = Debug|Any CPU
		{C4940760-2560-4A5A-92C1-064D0CA4E649}.Debug|Any CPU.Build.0 = Debug|Any CPU
		{C4940760-2560-4A5A-92C1-064D0CA4E649}.Release|Any CPU.ActiveCfg = Release|Any CPU
		{C4940760-2560-4A5A-92C1-064D0CA4E649}.Release|Any CPU.Build.0 = Release|Any CPU
	EndGlobalSection
	GlobalSection(SolutionProperties) = preSolution
		HideSolutionNode = FALSE
	EndGlobalSection
	GlobalSection(ExtensibilityGlobals) = postSolution
		SolutionGuid = {36666807-4235-4640-8237-164B50CE1AD2}
	EndGlobalSection
EndGlobal
